
Microsoft Visual Studio Solution File, Format Version 12.00
# Visual Studio Version 17
VisualStudioVersion = 17.11.35327.3
MinimumVisualStudioVersion = 10.0.40219.1
Project("{FAE04EC0-301F-11D3-BF4B-00C04F79EFBC}") = "Caculator", "Caculator\Caculator.csproj", "{2D07C041-451D-486B-BEBC-D93F294E3F72}"
EndProject
Global
	GlobalSection(SolutionConfigurationPlatforms) = preSolution
		Debug|Any CPU = Debug|Any CPU
		Release|Any CPU = Release|Any CPU
	EndGlobalSection
	GlobalSection(ProjectConfigurationPlatforms) = postSolution
		{2D07C041-451D-486B-BEBC-D93F294E3F72}.Debug|Any CPU.ActiveCfg = Debug|Any CPU
		{2D07C041-451D-486B-BEBC-D93F294E3F72}.Debug|Any CPU.Build.0 = Debug|Any CPU
		{2D07C041-451D-486B-BEBC-D93F294E3F72}.Release|Any CPU.ActiveCfg = Release|Any CPU
		{2D07C041-451D-486B-BEBC-D93F294E3F72}.Release|Any CPU.Build.0 = Release|Any CPU
	EndGlobalSection
	GlobalSection(SolutionProperties) = preSolution
		HideSolutionNode = FALSE
	EndGlobalSection
	GlobalSection(ExtensibilityGlobals) = postSolution
		SolutionGuid = {FB8563F5-526D-4DBC-B31B-F581B2A37788}
	EndGlobalSection
EndGlobal
